
Microsoft Visual Studio Solution File, Format Version 12.00
# Visual Studio Version 17
VisualStudioVersion = 17.10.34916.146
MinimumVisualStudioVersion = 10.0.40219.1
Project("{FAE04EC0-301F-11D3-BF4B-00C04F79EFBC}") = "Assignment7", "Assignment7.csproj", "{88A90639-D0E2-4BCC-A625-CD3C8BFBEC7D}"
EndProject
Global
	GlobalSection(SolutionConfigurationPlatforms) = preSolution
		Debug|Any CPU = Debug|Any CPU
		Release|Any CPU = Release|Any CPU
	EndGlobalSection
	GlobalSection(ProjectConfigurationPlatforms) = postSolution
		{88A90639-D0E2-4BCC-A625-CD3C8BFBEC7D}.Debug|Any CPU.ActiveCfg = Debug|Any CPU
		{88A90639-D0E2-4BCC-A625-CD3C8BFBEC7D}.Debug|Any CPU.Build.0 = Debug|Any CPU
		{88A90639-D0E2-4BCC-A625-CD3C8BFBEC7D}.Release|Any CPU.ActiveCfg = Release|Any CPU
		{88A90639-D0E2-4BCC-A625-CD3C8BFBEC7D}.Release|Any CPU.Build.0 = Release|Any CPU
	EndGlobalSection
	GlobalSection(SolutionProperties) = preSolution
		HideSolutionNode = FALSE
	EndGlobalSection
	GlobalSection(ExtensibilityGlobals) = postSolution
		SolutionGuid = {D61E47B8-25CB-4D90-96B1-A9B80BFE9408}
	EndGlobalSection
EndGlobal
